// !$*UTF8*$!
{
	archiveVersion = 1;
	classes = {
	};
	objectVersion = 50;
	objects = {

/* Begin PBXBuildFile section */
		141607F424D4867F0044B10F /* GLKit.framework in Frameworks */ = {isa = PBXBuildFile; fileRef = 141607F324D4867F0044B10F /* GLKit.framework */; };
		14860FBC24D24091003F5BB8 /* AppDelegate.m in Sources */ = {isa = PBXBuildFile; fileRef = 14860FBB24D24091003F5BB8 /* AppDelegate.m */; };
		14860FBF24D24091003F5BB8 /* SceneDelegate.m in Sources */ = {isa = PBXBuildFile; fileRef = 14860FBE24D24091003F5BB8 /* SceneDelegate.m */; };
		14860FC224D24091003F5BB8 /* ViewController.mm in Sources */ = {isa = PBXBuildFile; fileRef = 14860FC124D24091003F5BB8 /* ViewController.mm */; };
		14860FC524D24091003F5BB8 /* Main.storyboard in Resources */ = {isa = PBXBuildFile; fileRef = 14860FC324D24091003F5BB8 /* Main.storyboard */; };
		14860FCD24D24096003F5BB8 /* main.m in Sources */ = {isa = PBXBuildFile; fileRef = 14860FCC24D24096003F5BB8 /* main.m */; };
		14860FDC24D26EC2003F5BB8 /* game.cpp in Sources */ = {isa = PBXBuildFile; fileRef = 14860FDA24D26EC2003F5BB8 /* game.cpp */; };
/* End PBXBuildFile section */

/* Begin PBXFileReference section */
		141607F324D4867F0044B10F /* GLKit.framework */ = {isa = PBXFileReference; lastKnownFileType = wrapper.framework; name = GLKit.framework; path = System/Library/Frameworks/GLKit.framework; sourceTree = SDKROOT; };
		14860FB724D24091003F5BB8 /* Idle.app */ = {isa = PBXFileReference; explicitFileType = wrapper.application; includeInIndex = 0; path = Idle.app; sourceTree = BUILT_PRODUCTS_DIR; };
		14860FBA24D24091003F5BB8 /* AppDelegate.h */ = {isa = PBXFileReference; lastKnownFileType = sourcecode.c.h; path = AppDelegate.h; sourceTree = "<group>"; };
		14860FBB24D24091003F5BB8 /* AppDelegate.m */ = {isa = PBXFileReference; lastKnownFileType = sourcecode.c.objc; path = AppDelegate.m; sourceTree = "<group>"; };
		14860FBD24D24091003F5BB8 /* SceneDelegate.h */ = {isa = PBXFileReference; lastKnownFileType = sourcecode.c.h; path = SceneDelegate.h; sourceTree = "<group>"; };
		14860FBE24D24091003F5BB8 /* SceneDelegate.m */ = {isa = PBXFileReference; lastKnownFileType = sourcecode.c.objc; path = SceneDelegate.m; sourceTree = "<group>"; };
		14860FC024D24091003F5BB8 /* ViewController.h */ = {isa = PBXFileReference; lastKnownFileType = sourcecode.c.h; path = ViewController.h; sourceTree = "<group>"; };
		14860FC124D24091003F5BB8 /* ViewController.mm */ = {isa = PBXFileReference; lastKnownFileType = sourcecode.cpp.objcpp; path = ViewController.mm; sourceTree = "<group>"; };
		14860FC424D24091003F5BB8 /* Base */ = {isa = PBXFileReference; lastKnownFileType = file.storyboard; name = Base; path = Base.lproj/Main.storyboard; sourceTree = "<group>"; };
		14860FCB24D24096003F5BB8 /* Info.plist */ = {isa = PBXFileReference; lastKnownFileType = text.plist.xml; path = Info.plist; sourceTree = "<group>"; };
		14860FCC24D24096003F5BB8 /* main.m */ = {isa = PBXFileReference; lastKnownFileType = sourcecode.c.objc; path = main.m; sourceTree = "<group>"; };
		14860FDA24D26EC2003F5BB8 /* game.cpp */ = {isa = PBXFileReference; fileEncoding = 4; lastKnownFileType = sourcecode.cpp.cpp; path = game.cpp; sourceTree = "<group>"; };
		14860FDB24D26EC2003F5BB8 /* game.h */ = {isa = PBXFileReference; fileEncoding = 4; lastKnownFileType = sourcecode.c.h; path = game.h; sourceTree = "<group>"; };
/* End PBXFileReference section */

/* Begin PBXFrameworksBuildPhase section */
		14860FB424D24091003F5BB8 /* Frameworks */ = {
			isa = PBXFrameworksBuildPhase;
			buildActionMask = 2147483647;
			files = (
				141607F424D4867F0044B10F /* GLKit.framework in Frameworks */,
			);
			runOnlyForDeploymentPostprocessing = 0;
		};
/* End PBXFrameworksBuildPhase section */

/* Begin PBXGroup section */
		141607F224D4867F0044B10F /* Frameworks */ = {
			isa = PBXGroup;
			children = (
				141607F324D4867F0044B10F /* GLKit.framework */,
			);
			name = Frameworks;
			sourceTree = "<group>";
		};
		14860FAE24D24091003F5BB8 = {
			isa = PBXGroup;
			children = (
				14860FD924D26EC2003F5BB8 /* common */,
				14860FBA24D24091003F5BB8 /* AppDelegate.h */,
				14860FBB24D24091003F5BB8 /* AppDelegate.m */,
				14860FBD24D24091003F5BB8 /* SceneDelegate.h */,
				14860FBE24D24091003F5BB8 /* SceneDelegate.m */,
				14860FC024D24091003F5BB8 /* ViewController.h */,
				14860FC124D24091003F5BB8 /* ViewController.mm */,
				14860FC324D24091003F5BB8 /* Main.storyboard */,
				14860FCB24D24096003F5BB8 /* Info.plist */,
				14860FCC24D24096003F5BB8 /* main.m */,
				14860FB824D24091003F5BB8 /* Products */,
				141607F224D4867F0044B10F /* Frameworks */,
			);
			sourceTree = "<group>";
		};
		14860FB824D24091003F5BB8 /* Products */ = {
			isa = PBXGroup;
			children = (
				14860FB724D24091003F5BB8 /* Idle.app */,
			);
			name = Products;
			sourceTree = "<group>";
		};
		14860FD924D26EC2003F5BB8 /* common */ = {
			isa = PBXGroup;
			children = (
				14860FDA24D26EC2003F5BB8 /* game.cpp */,
				14860FDB24D26EC2003F5BB8 /* game.h */,
			);
			name = common;
			path = ../common;
			sourceTree = "<group>";
		};
/* End PBXGroup section */

/* Begin PBXNativeTarget section */
		14860FB624D24091003F5BB8 /* idle */ = {
			isa = PBXNativeTarget;
			buildConfigurationList = 14860FD024D24096003F5BB8 /* Build configuration list for PBXNativeTarget "idle" */;
			buildPhases = (
				14860FB324D24091003F5BB8 /* Sources */,
				14860FB424D24091003F5BB8 /* Frameworks */,
				14860FB524D24091003F5BB8 /* Resources */,
			);
			buildRules = (
			);
			dependencies = (
			);
			name = idle;
			productName = idle;
			productReference = 14860FB724D24091003F5BB8 /* Idle.app */;
			productType = "com.apple.product-type.application";
		};
/* End PBXNativeTarget section */

/* Begin PBXProject section */
		14860FAF24D24091003F5BB8 /* Project object */ = {
			isa = PBXProject;
			attributes = {
				LastUpgradeCheck = 1120;
				ORGANIZATIONNAME = "Zack Seliger";
				TargetAttributes = {
					14860FB624D24091003F5BB8 = {
						CreatedOnToolsVersion = 11.2.1;
					};
				};
			};
			buildConfigurationList = 14860FB224D24091003F5BB8 /* Build configuration list for PBXProject "idle" */;
			compatibilityVersion = "Xcode 9.3";
			developmentRegion = en;
			hasScannedForEncodings = 0;
			knownRegions = (
				en,
				Base,
			);
			mainGroup = 14860FAE24D24091003F5BB8;
			productRefGroup = 14860FB824D24091003F5BB8 /* Products */;
			projectDirPath = "";
			projectRoot = "";
			targets = (
				14860FB624D24091003F5BB8 /* idle */,
			);
		};
/* End PBXProject section */

/* Begin PBXResourcesBuildPhase section */
		14860FB524D24091003F5BB8 /* Resources */ = {
			isa = PBXResourcesBuildPhase;
			buildActionMask = 2147483647;
			files = (
				14860FC524D24091003F5BB8 /* Main.storyboard in Resources */,
			);
			runOnlyForDeploymentPostprocessing = 0;
		};
/* End PBXResourcesBuildPhase section */

/* Begin PBXSourcesBuildPhase section */
		14860FB324D24091003F5BB8 /* Sources */ = {
			isa = PBXSourcesBuildPhase;
			buildActionMask = 2147483647;
			files = (
				14860FDC24D26EC2003F5BB8 /* game.cpp in Sources */,
				14860FC224D24091003F5BB8 /* ViewController.mm in Sources */,
				14860FBC24D24091003F5BB8 /* AppDelegate.m in Sources */,
				14860FCD24D24096003F5BB8 /* main.m in Sources */,
				14860FBF24D24091003F5BB8 /* SceneDelegate.m in Sources */,
			);
			runOnlyForDeploymentPostprocessing = 0;
		};
/* End PBXSourcesBuildPhase section */

/* Begin PBXVariantGroup section */
		14860FC324D24091003F5BB8 /* Main.storyboard */ = {
			isa = PBXVariantGroup;
			children = (
				14860FC424D24091003F5BB8 /* Base */,
			);
			name = Main.storyboard;
			sourceTree = "<group>";
		};
/* End PBXVariantGroup section */

/* Begin XCBuildConfiguration section */
		14860FCE24D24096003F5BB8 /* Debug */ = {
			isa = XCBuildConfiguration;
			buildSettings = {
				ALWAYS_SEARCH_USER_PATHS = NO;
				CLANG_ANALYZER_NONNULL = YES;
				CLANG_ANALYZER_NUMBER_OBJECT_CONVERSION = YES_AGGRESSIVE;
				CLANG_CXX_LANGUAGE_STANDARD = "gnu++14";
				CLANG_CXX_LIBRARY = "libc++";
				CLANG_ENABLE_MODULES = YES;
				CLANG_ENABLE_OBJC_ARC = YES;
				CLANG_ENABLE_OBJC_WEAK = YES;
				CLANG_WARN_BLOCK_CAPTURE_AUTORELEASING = YES;
				CLANG_WARN_BOOL_CONVERSION = YES;
				CLANG_WARN_COMMA = YES;
				CLANG_WARN_CONSTANT_CONVERSION = YES;
				CLANG_WARN_DEPRECATED_OBJC_IMPLEMENTATIONS = YES;
				CLANG_WARN_DIRECT_OBJC_ISA_USAGE = YES_ERROR;
				CLANG_WARN_DOCUMENTATION_COMMENTS = YES;
				CLANG_WARN_EMPTY_BODY = YES;
				CLANG_WARN_ENUM_CONVERSION = YES;
				CLANG_WARN_INFINITE_RECURSION = YES;
				CLANG_WARN_INT_CONVERSION = YES;
				CLANG_WARN_NON_LITERAL_NULL_CONVERSION = YES;
				CLANG_WARN_OBJC_IMPLICIT_RETAIN_SELF = YES;
				CLANG_WARN_OBJC_LITERAL_CONVERSION = YES;
				CLANG_WARN_OBJC_ROOT_CLASS = YES_ERROR;
				CLANG_WARN_RANGE_LOOP_ANALYSIS = YES;
				CLANG_WARN_STRICT_PROTOTYPES = YES;
				CLANG_WARN_SUSPICIOUS_MOVE = YES;
				CLANG_WARN_UNGUARDED_AVAILABILITY = YES_AGGRESSIVE;
				CLANG_WARN_UNREACHABLE_CODE = YES;
				CLANG_WARN__DUPLICATE_METHOD_MATCH = YES;
				COPY_PHASE_STRIP = NO;
				DEBUG_INFORMATION_FORMAT = dwarf;
				ENABLE_STRICT_OBJC_MSGSEND = YES;
				ENABLE_TESTABILITY = YES;
				GCC_C_LANGUAGE_STANDARD = gnu11;
				GCC_DYNAMIC_NO_PIC = NO;
				GCC_NO_COMMON_BLOCKS = YES;
				GCC_OPTIMIZATION_LEVEL = 0;
				GCC_PREPROCESSOR_DEFINITIONS = (
					"DEBUG=1",
					"$(inherited)",
				);
				GCC_WARN_64_TO_32_BIT_CONVERSION = YES;
				GCC_WARN_ABOUT_RETURN_TYPE = YES_ERROR;
				GCC_WARN_UNDECLARED_SELECTOR = YES;
				GCC_WARN_UNINITIALIZED_AUTOS = YES_AGGRESSIVE;
				GCC_WARN_UNUSED_FUNCTION = YES;
				GCC_WARN_UNUSED_VARIABLE = YES;
				IPHONEOS_DEPLOYMENT_TARGET = 13.2;
				MTL_ENABLE_DEBUG_INFO = INCLUDE_SOURCE;
				MTL_FAST_MATH = YES;
				ONLY_ACTIVE_ARCH = YES;
				SDKROOT = iphoneos;
			};
			name = Debug;
		};
		14860FCF24D24096003F5BB8 /* Release */ = {
			isa = XCBuildConfiguration;
			buildSettings = {
				ALWAYS_SEARCH_USER_PATHS = NO;
				CLANG_ANALYZER_NONNULL = YES;
				CLANG_ANALYZER_NUMBER_OBJECT_CONVERSION = YES_AGGRESSIVE;
				CLANG_CXX_LANGUAGE_STANDARD = "gnu++14";
				CLANG_CXX_LIBRARY = "libc++";
				CLANG_ENABLE_MODULES = YES;
				CLANG_ENABLE_OBJC_ARC = YES;
				CLANG_ENABLE_OBJC_WEAK = YES;
				CLANG_WARN_BLOCK_CAPTURE_AUTORELEASING = YES;
				CLANG_WARN_BOOL_CONVERSION = YES;
				CLANG_WARN_COMMA = YES;
				CLANG_WARN_CONSTANT_CONVERSION = YES;
				CLANG_WARN_DEPRECATED_OBJC_IMPLEMENTATIONS = YES;
				CLANG_WARN_DIRECT_OBJC_ISA_USAGE = YES_ERROR;
				CLANG_WARN_DOCUMENTATION_COMMENTS = YES;
				CLANG_WARN_EMPTY_BODY = YES;
				CLANG_WARN_ENUM_CONVERSION = YES;
				CLANG_WARN_INFINITE_RECURSION = YES;
				CLANG_WARN_INT_CONVERSION = YES;
				CLANG_WARN_NON_LITERAL_NULL_CONVERSION = YES;
				CLANG_WARN_OBJC_IMPLICIT_RETAIN_SELF = YES;
				CLANG_WARN_OBJC_LITERAL_CONVERSION = YES;
				CLANG_WARN_OBJC_ROOT_CLASS = YES_ERROR;
				CLANG_WARN_RANGE_LOOP_ANALYSIS = YES;
				CLANG_WARN_STRICT_PROTOTYPES = YES;
				CLANG_WARN_SUSPICIOUS_MOVE = YES;
				CLANG_WARN_UNGUARDED_AVAILABILITY = YES_AGGRESSIVE;
				CLANG_WARN_UNREACHABLE_CODE = YES;
				CLANG_WARN__DUPLICATE_METHOD_MATCH = YES;
				COPY_PHASE_STRIP = NO;
				DEBUG_INFORMATION_FORMAT = "dwarf-with-dsym";
				ENABLE_NS_ASSERTIONS = NO;
				ENABLE_STRICT_OBJC_MSGSEND = YES;
				GCC_C_LANGUAGE_STANDARD = gnu11;
				GCC_NO_COMMON_BLOCKS = YES;
				GCC_WARN_64_TO_32_BIT_CONVERSION = YES;
				GCC_WARN_ABOUT_RETURN_TYPE = YES_ERROR;
				GCC_WARN_UNDECLARED_SELECTOR = YES;
				GCC_WARN_UNINITIALIZED_AUTOS = YES_AGGRESSIVE;
				GCC_WARN_UNUSED_FUNCTION = YES;
				GCC_WARN_UNUSED_VARIABLE = YES;
				IPHONEOS_DEPLOYMENT_TARGET = 13.2;
				MTL_ENABLE_DEBUG_INFO = NO;
				MTL_FAST_MATH = YES;
				SDKROOT = iphoneos;
				VALIDATE_PRODUCT = YES;
			};
			name = Release;
		};
		14860FD124D24096003F5BB8 /* Debug */ = {
			isa = XCBuildConfiguration;
			buildSettings = {
				ASSETCATALOG_COMPILER_APPICON_NAME = AppIcon;
				CODE_SIGN_STYLE = Automatic;
				GCC_PREPROCESSOR_DEFINITIONS = (
					"DEBUG=1",
					"GLES_SILENCE_DEPRECATION=1",
					"$(inherited)",
				);
				INFOPLIST_FILE = Info.plist;
				LD_RUNPATH_SEARCH_PATHS = (
					"$(inherited)",
					"@executable_path/Frameworks",
				);
				PRODUCT_BUNDLE_IDENTIFIER = io.deemo.idle;
				PRODUCT_NAME = Idle;
				TARGETED_DEVICE_FAMILY = "1,2";
			};
			name = Debug;
		};
		14860FD224D24096003F5BB8 /* Release */ = {
			isa = XCBuildConfiguration;
			buildSettings = {
				ASSETCATALOG_COMPILER_APPICON_NAME = AppIcon;
				CODE_SIGN_STYLE = Automatic;
				GCC_PREPROCESSOR_DEFINITIONS = "GLES_SILENCE_DEPRECATION=1";
				INFOPLIST_FILE = Info.plist;
				LD_RUNPATH_SEARCH_PATHS = (
					"$(inherited)",
					"@executable_path/Frameworks",
				);
				PRODUCT_BUNDLE_IDENTIFIER = io.deemo.idle;
				PRODUCT_NAME = Idle;
				TARGETED_DEVICE_FAMILY = "1,2";
			};
			name = Release;
		};
/* End XCBuildConfiguration section */

/* Begin XCConfigurationList section */
		14860FB224D24091003F5BB8 /* Build configuration list for PBXProject "idle" */ = {
			isa = XCConfigurationList;
			buildConfigurations = (
				14860FCE24D24096003F5BB8 /* Debug */,
				14860FCF24D24096003F5BB8 /* Release */,
			);
			defaultConfigurationIsVisible = 0;
			defaultConfigurationName = Release;
		};
		14860FD024D24096003F5BB8 /* Build configuration list for PBXNativeTarget "idle" */ = {
			isa = XCConfigurationList;
			buildConfigurations = (
				14860FD124D24096003F5BB8 /* Debug */,
				14860FD224D24096003F5BB8 /* Release */,
			);
			defaultConfigurationIsVisible = 0;
			defaultConfigurationName = Release;
		};
/* End XCConfigurationList section */
	};
	rootObject = 14860FAF24D24091003F5BB8 /* Project object */;
}
